<Solution>
  <Folder Name="/src/">
    <Project Path="src/CleanArchitecture.Api/CleanArchitecture.Api.csproj" />
    <Project Path="src/CleanArchitecture.Application/CleanArchitecture.Application.csproj" Id="d7048844-54cf-460a-ad96-09f45b722bee" />
    <Project Path="src/CleanArchitecture.Domain/CleanArchitecture.Domain.csproj" Id="6b2ad6fc-d448-4c30-9476-262f015d652a" />
    <Project Path="src/CleanArchitecture.Infrastructure/CleanArchitecture.Infrastructure.csproj" Id="712f5503-c39c-43eb-bb39-bde02c573363" />
  </Folder>
  <Folder Name="/tests/" />
</Solution>
